
Microsoft Visual Studio Solution File, Format Version 12.00
# Visual Studio Version 16
VisualStudioVersion = 25.0.1703.0
MinimumVisualStudioVersion = 10.0.40219.1
Project("{FAE04EC0-301F-11D3-BF4B-00C04F79EFBC}") = "Microsoft.Mac.Svg", "Microsoft.Mac.Svg\Microsoft.Mac.Svg.csproj", "{24A1B0DD-DBAD-40D2-A8D3-3ADC3CD4F83B}"
EndProject
Project("{FAE04EC0-301F-11D3-BF4B-00C04F79EFBC}") = "Microsoft.Mac.Svg.Cocoa", "Microsoft.Mac.Svg.Cocoa\Microsoft.Mac.Svg.Cocoa.csproj", "{3E0633F6-BD50-4D09-8601-A143F6CFDD44}"
EndProject
Project("{FAE04EC0-301F-11D3-BF4B-00C04F79EFBC}") = "Sample", "Microsoft.Mac.Svg.Sample\Sample.csproj", "{90CD2D6B-3977-414C-919C-17B26A54FB14}"
EndProject
Project("{FAE04EC0-301F-11D3-BF4B-00C04F79EFBC}") = "Microsoft.Mac.Svg.Tests", "Microsoft.Mac.Svg.Tests\Microsoft.Mac.Svg.Tests.csproj", "{54788C17-F5E9-4943-8B45-F0280E789D30}"
EndProject
Global
	GlobalSection(SolutionConfigurationPlatforms) = preSolution
		Debug|Any CPU = Debug|Any CPU
		Release|Any CPU = Release|Any CPU
	EndGlobalSection
	GlobalSection(ProjectConfigurationPlatforms) = postSolution
		{24A1B0DD-DBAD-40D2-A8D3-3ADC3CD4F83B}.Debug|Any CPU.ActiveCfg = Debug|Any CPU
		{24A1B0DD-DBAD-40D2-A8D3-3ADC3CD4F83B}.Debug|Any CPU.Build.0 = Debug|Any CPU
		{24A1B0DD-DBAD-40D2-A8D3-3ADC3CD4F83B}.Release|Any CPU.ActiveCfg = Release|Any CPU
		{24A1B0DD-DBAD-40D2-A8D3-3ADC3CD4F83B}.Release|Any CPU.Build.0 = Release|Any CPU
		{3E0633F6-BD50-4D09-8601-A143F6CFDD44}.Debug|Any CPU.ActiveCfg = Debug|Any CPU
		{3E0633F6-BD50-4D09-8601-A143F6CFDD44}.Debug|Any CPU.Build.0 = Debug|Any CPU
		{3E0633F6-BD50-4D09-8601-A143F6CFDD44}.Release|Any CPU.ActiveCfg = Release|Any CPU
		{3E0633F6-BD50-4D09-8601-A143F6CFDD44}.Release|Any CPU.Build.0 = Release|Any CPU
		{90CD2D6B-3977-414C-919C-17B26A54FB14}.Debug|Any CPU.ActiveCfg = Debug|Any CPU
		{90CD2D6B-3977-414C-919C-17B26A54FB14}.Debug|Any CPU.Build.0 = Debug|Any CPU
		{90CD2D6B-3977-414C-919C-17B26A54FB14}.Release|Any CPU.ActiveCfg = Release|Any CPU
		{90CD2D6B-3977-414C-919C-17B26A54FB14}.Release|Any CPU.Build.0 = Release|Any CPU
		{54788C17-F5E9-4943-8B45-F0280E789D30}.Debug|Any CPU.ActiveCfg = Debug|Any CPU
		{54788C17-F5E9-4943-8B45-F0280E789D30}.Debug|Any CPU.Build.0 = Debug|Any CPU
		{54788C17-F5E9-4943-8B45-F0280E789D30}.Release|Any CPU.ActiveCfg = Release|Any CPU
		{54788C17-F5E9-4943-8B45-F0280E789D30}.Release|Any CPU.Build.0 = Release|Any CPU
	EndGlobalSection
	GlobalSection(SolutionProperties) = preSolution
		HideSolutionNode = FALSE
	EndGlobalSection
	GlobalSection(ExtensibilityGlobals) = postSolution
		SolutionGuid = {28B894F6-AECF-44A0-B3E8-084B84E9893F}
	EndGlobalSection
EndGlobal
